# THIS IS AN AUTOGENERATED FILE. DO NOT EDIT THIS FILE DIRECTLY.
# yarn lockfile v1


"@formatjs/ecma402-abstract@1.14.3":
  version "1.14.3"
  resolved "https://registry.yarnpkg.com/@formatjs/ecma402-abstract/-/ecma402-abstract-1.14.3.tgz#6428f243538a11126180d121ce8d4b2f17465738"
  integrity sha512-SlsbRC/RX+/zg4AApWIFNDdkLtFbkq3LNoZWXZCE/nHVKqoIJyaoQyge/I0Y38vLxowUn9KTtXgusLD91+orbg==
  dependencies:
    "@formatjs/intl-localematcher" "0.2.32"
    tslib "^2.4.0"

"@formatjs/fast-memoize@1.2.7":
  version "1.2.7"
  resolved "https://registry.yarnpkg.com/@formatjs/fast-memoize/-/fast-memoize-1.2.7.tgz#90d5de031fc80e0027b2d4e8a3197b0df4a94457"
  integrity sha512-hPeM5LXUUjtCKPybWOUAWpv8lpja8Xz+uKprFPJcg5F2Rd+/bf1E0UUsLRpaAgOReAf5HMRtoIgv/UcyPICrTQ==
  dependencies:
    tslib "^2.4.0"

"@formatjs/icu-messageformat-parser@2.1.14":
  version "2.1.14"
  resolved "https://registry.yarnpkg.com/@formatjs/icu-messageformat-parser/-/icu-messageformat-parser-2.1.14.tgz#d7bc8c82bfce1eb8e3232e6d7e3d6ea92ba390cc"
  integrity sha512-0KqeVOb72losEhUW+59vhZGGd14s1f35uThfEMVKZHKLEObvJdFTiI3ZQwvTMUCzLEMxnS6mtnYPmG4mTvwd3Q==
  dependencies:
    "@formatjs/ecma402-abstract" "1.14.3"
    "@formatjs/icu-skeleton-parser" "1.3.18"
    tslib "^2.4.0"

"@formatjs/icu-skeleton-parser@1.3.18":
  version "1.3.18"
  resolved "https://registry.yarnpkg.com/@formatjs/icu-skeleton-parser/-/icu-skeleton-parser-1.3.18.tgz#7aed3d60e718c8ad6b0e64820be44daa1e29eeeb"
  integrity sha512-ND1ZkZfmLPcHjAH1sVpkpQxA+QYfOX3py3SjKWMUVGDow18gZ0WPqz3F+pJLYQMpS2LnnQ5zYR2jPVYTbRwMpg==
  dependencies:
    "@formatjs/ecma402-abstract" "1.14.3"
    tslib "^2.4.0"

"@formatjs/intl-displaynames@6.2.3":
  version "6.2.3"
  resolved "https://registry.yarnpkg.com/@formatjs/intl-displaynames/-/intl-displaynames-6.2.3.tgz#65bc954fe891fdfe197268602f4d2d3ccd631cce"
  integrity sha512-teB0L68MDGM8jEKQg55w7nvFjzeLHE6e3eK/04s+iuEVYYmvjjiHJKHrthKENzcJ0F6mHf/AwXrbX+1mKxT6AQ==
  dependencies:
    "@formatjs/ecma402-abstract" "1.14.3"
    "@formatjs/intl-localematcher" "0.2.32"
    tslib "^2.4.0"

"@formatjs/intl-listformat@7.1.7":
  version "7.1.7"
  resolved "https://registry.yarnpkg.com/@formatjs/intl-listformat/-/intl-listformat-7.1.7.tgz#b46fec1038ef9ca062d1e7b9b3412c2a14dca18f"
  integrity sha512-Zzf5ruPpfJnrAA2hGgf/6pMgQ3tx9oJVhpqycFDavHl3eEzrwdHddGqGdSNwhd0bB4NAFttZNQdmKDldc5iDZw==
  dependencies:
    "@formatjs/ecma402-abstract" "1.14.3"
    "@formatjs/intl-localematcher" "0.2.32"
    tslib "^2.4.0"

"@formatjs/intl-localematcher@0.2.32":
  version "0.2.32"
  resolved "https://registry.yarnpkg.com/@formatjs/intl-localematcher/-/intl-localematcher-0.2.32.tgz#00d4d307cd7d514b298e15a11a369b86c8933ec1"
  integrity sha512-k/MEBstff4sttohyEpXxCmC3MqbUn9VvHGlZ8fauLzkbwXmVrEeyzS+4uhrvAk9DWU9/7otYWxyDox4nT/KVLQ==
  dependencies:
    tslib "^2.4.0"

"@formatjs/intl@2.6.3":
  version "2.6.3"
  resolved "https://registry.yarnpkg.com/@formatjs/intl/-/intl-2.6.3.tgz#7cedd184fb62d39174fbf62ee636b1b306524b7c"
  integrity sha512-JaVZk14U/GypVfCZPevQ0KdruFkq16FXx7g398/Dm+YEx/W7sRiftbZeDy4wQ7WGryb45e763XycxD9o/vm9BA==
  dependencies:
    "@formatjs/ecma402-abstract" "1.14.3"
    "@formatjs/fast-memoize" "1.2.7"
    "@formatjs/icu-messageformat-parser" "2.1.14"
    "@formatjs/intl-displaynames" "6.2.3"
    "@formatjs/intl-listformat" "7.1.7"
    intl-messageformat "10.2.5"
    tslib "^2.4.0"

"@types/hoist-non-react-statics@^3.3.1":
  version "3.3.1"
  resolved "https://registry.yarnpkg.com/@types/hoist-non-react-statics/-/hoist-non-react-statics-3.3.1.tgz#1124aafe5118cb591977aeb1ceaaed1070eb039f"
  integrity sha512-iMIqiko6ooLrTh1joXodJK5X9xeEALT1kM5G3ZLhD3hszxBdIEd5C75U834D9mLcINgD4OyZf5uQXjkuYydWvA==
  dependencies:
    "@types/react" "*"
    hoist-non-react-statics "^3.3.0"

"@types/prop-types@*":
  version "15.7.5"
  resolved "https://registry.yarnpkg.com/@types/prop-types/-/prop-types-15.7.5.tgz#5f19d2b85a98e9558036f6a3cacc8819420f05cf"
  integrity sha512-JCB8C6SnDoQf0cNycqd/35A7MjcnK+ZTqE7judS6o7utxUCg6imJg3QK2qzHKszlTjcj2cn+NwMB2i96ubpj7w==

"@types/react@*", "@types/react@16 || 17 || 18":
  version "18.0.26"
  resolved "https://registry.yarnpkg.com/@types/react/-/react-18.0.26.tgz#8ad59fc01fef8eaf5c74f4ea392621749f0b7917"
  integrity sha512-hCR3PJQsAIXyxhTNSiDFY//LhnMZWpNNr5etoCqx/iUfGc5gXWtQR2Phl908jVR6uPXacojQWTg4qRpkxTuGug==
  dependencies:
    "@types/prop-types" "*"
    "@types/scheduler" "*"
    csstype "^3.0.2"

"@types/scheduler@*":
  version "0.16.2"
  resolved "https://registry.yarnpkg.com/@types/scheduler/-/scheduler-0.16.2.tgz#1a62f89525723dde24ba1b01b092bf5df8ad4d39"
  integrity sha512-hppQEBDmlwhFAXKJX2KnWLYu5yMfi91yazPb2l+lbJiwW+wdo1gNeRA+3RgNSO39WYX2euey41KEwnqesU2Jew==

csstype@^3.0.2:
  version "3.1.1"
  resolved "https://registry.yarnpkg.com/csstype/-/csstype-3.1.1.tgz#841b532c45c758ee546a11d5bd7b7b473c8c30b9"
  integrity sha512-DJR/VvkAvSZW9bTouZue2sSxDwdTN92uHjqeKVm+0dAqdfNykRzQ95tay8aXMBAAPpUiq4Qcug2L7neoRh2Egw==

hoist-non-react-statics@^3.3.0, hoist-non-react-statics@^3.3.2:
  version "3.3.2"
  resolved "https://registry.yarnpkg.com/hoist-non-react-statics/-/hoist-non-react-statics-3.3.2.tgz#ece0acaf71d62c2969c2ec59feff42a4b1a85b45"
  integrity sha512-/gGivxi8JPKWNm/W0jSmzcMPpfpPLc3dY/6GxhX2hQ9iGj3aDfklV4ET7NjKpSinLpJ5vafa9iiGIEZg10SfBw==
  dependencies:
    react-is "^16.7.0"

intl-messageformat@10.2.5:
  version "10.2.5"
  resolved "https://registry.yarnpkg.com/intl-messageformat/-/intl-messageformat-10.2.5.tgz#a51e6e2700d82b5b7ccd7a9f3bd45d967d95afc0"
  integrity sha512-AievYMN6WLLHwBeCTv4aRKG+w3ZNyZtkObwgsKk3Q7GNTq8zDRvDbJSBQkb2OPeVCcAKcIXvak9FF/bRNavoww==
  dependencies:
    "@formatjs/ecma402-abstract" "1.14.3"
    "@formatjs/fast-memoize" "1.2.7"
    "@formatjs/icu-messageformat-parser" "2.1.14"
    tslib "^2.4.0"

react-intl@^6.2.5:
  version "6.2.5"
  resolved "https://registry.yarnpkg.com/react-intl/-/react-intl-6.2.5.tgz#eb871145e0866916d0c9283b2c83a146c6121793"
  integrity sha512-nz21POTKbE0sPEuEJU4o5YTZYY7VlIYCPNJaD6D2+xKyk6Noj6DoUK0LRO9LXuQNUuQ044IZl3m6ymzZRj8XFQ==
  dependencies:
    "@formatjs/ecma402-abstract" "1.14.3"
    "@formatjs/icu-messageformat-parser" "2.1.14"
    "@formatjs/intl" "2.6.3"
    "@formatjs/intl-displaynames" "6.2.3"
    "@formatjs/intl-listformat" "7.1.7"
    "@types/hoist-non-react-statics" "^3.3.1"
    "@types/react" "16 || 17 || 18"
    hoist-non-react-statics "^3.3.2"
    intl-messageformat "10.2.5"
    tslib "^2.4.0"

react-is@^16.7.0:
  version "16.13.1"
  resolved "https://registry.yarnpkg.com/react-is/-/react-is-16.13.1.tgz#789729a4dc36de2999dc156dd6c1d9c18cea56a4"
  integrity sha512-24e6ynE2H+OKt4kqsOvNd8kBpV65zoxbA4BVsEOB3ARVWQki/DHzaUoC5KuON/BiccDaCCTZBuOcfZs70kR8bQ==

tslib@^2.4.0:
  version "2.4.1"
  resolved "https://registry.yarnpkg.com/tslib/-/tslib-2.4.1.tgz#0d0bfbaac2880b91e22df0768e55be9753a5b17e"
  integrity sha512-tGyy4dAjRIEwI7BzsB0lynWgOpfqjUdq91XXAlIWD2OwKBH7oCl/GZG/HT4BOHrTlPMOASlMQ7veyTqpmRcrNA==

typescript@4.6.3:
  version "4.6.3"
  resolved "https://registry.yarnpkg.com/typescript/-/typescript-4.6.3.tgz#eefeafa6afdd31d725584c67a0eaba80f6fc6c6c"
  integrity sha512-yNIatDa5iaofVozS/uQJEl3JRWLKKGJKh6Yaiv0GLGSuhpFJe7P3SbHZ8/yjAHRQwKRoA6YZqlfjXWmVzoVSMw==
